// !$*UTF8*$!
{
	archiveVersion = 1;
	classes = {
	};
	objectVersion = 56;
	objects = {

/* Begin PBXBuildFile section */
		88451CCC296E1DDF00EA98A8 /* NavigationApp.swift in Sources */ = {isa = PBXBuildFile; fileRef = 88451CCB296E1DDF00EA98A8 /* NavigationApp.swift */; };
		88451CD0296E1DE300EA98A8 /* Assets.xcassets in Resources */ = {isa = PBXBuildFile; fileRef = 88451CCF296E1DE300EA98A8 /* Assets.xcassets */; };
		88451CD3296E1DE300EA98A8 /* Preview Assets.xcassets in Resources */ = {isa = PBXBuildFile; fileRef = 88451CD2296E1DE300EA98A8 /* Preview Assets.xcassets */; };
		88451CDE296E2F6D00EA98A8 /* NavigationBar.swift in Sources */ = {isa = PBXBuildFile; fileRef = 88451CDD296E2F6D00EA98A8 /* NavigationBar.swift */; };
		88451CE0296E5D3000EA98A8 /* GeneralView.swift in Sources */ = {isa = PBXBuildFile; fileRef = 88451CDF296E5D3000EA98A8 /* GeneralView.swift */; };
		88451CE4296E5FC000EA98A8 /* AccontView.swift in Sources */ = {isa = PBXBuildFile; fileRef = 88451CE3296E5FC000EA98A8 /* AccontView.swift */; };
		88451CE9296E7FB200EA98A8 /* Perfil.swift in Sources */ = {isa = PBXBuildFile; fileRef = 88451CE8296E7FB200EA98A8 /* Perfil.swift */; };
		88451CEB296F8BB900EA98A8 /* HomeView.swift in Sources */ = {isa = PBXBuildFile; fileRef = 88451CEA296F8BB900EA98A8 /* HomeView.swift */; };
		88451CED296F8EC800EA98A8 /* Mensageview.swift in Sources */ = {isa = PBXBuildFile; fileRef = 88451CEC296F8EC800EA98A8 /* Mensageview.swift */; };
		88451CF3296FA07800EA98A8 /* CourseView.swift in Sources */ = {isa = PBXBuildFile; fileRef = 88451CF2296FA07800EA98A8 /* CourseView.swift */; };
		886D77702971B56C005EB726 /* DetailsView.swift in Sources */ = {isa = PBXBuildFile; fileRef = 886D776F2971B56B005EB726 /* DetailsView.swift */; };
		886D77722971BD08005EB726 /* Card2View.swift in Sources */ = {isa = PBXBuildFile; fileRef = 886D77712971BD08005EB726 /* Card2View.swift */; };
		886D77742971C038005EB726 /* Details2View.swift in Sources */ = {isa = PBXBuildFile; fileRef = 886D77732971C038005EB726 /* Details2View.swift */; };
		886D777629720EC5005EB726 /* Card3View.swift in Sources */ = {isa = PBXBuildFile; fileRef = 886D777529720EC5005EB726 /* Card3View.swift */; };
		886D777829720EE9005EB726 /* Details3View.swift in Sources */ = {isa = PBXBuildFile; fileRef = 886D777729720EE9005EB726 /* Details3View.swift */; };
		886D777A2972328E005EB726 /* Foto1.swift in Sources */ = {isa = PBXBuildFile; fileRef = 886D77792972328E005EB726 /* Foto1.swift */; };
		886D777C297232AB005EB726 /* Foto 2.swift in Sources */ = {isa = PBXBuildFile; fileRef = 886D777B297232AB005EB726 /* Foto 2.swift */; };
		886D777E297232B5005EB726 /* Foto3.swift in Sources */ = {isa = PBXBuildFile; fileRef = 886D777D297232B5005EB726 /* Foto3.swift */; };
		886D7780297235A2005EB726 /* Foto4.swift in Sources */ = {isa = PBXBuildFile; fileRef = 886D777F297235A2005EB726 /* Foto4.swift */; };
		886D778229730C1F005EB726 /* OpenMensages.swift in Sources */ = {isa = PBXBuildFile; fileRef = 886D778129730C1F005EB726 /* OpenMensages.swift */; };
		886D77842973121F005EB726 /* Mensages.swift in Sources */ = {isa = PBXBuildFile; fileRef = 886D77832973121F005EB726 /* Mensages.swift */; };
		886D7786297389B2005EB726 /* RedesSociais.swift in Sources */ = {isa = PBXBuildFile; fileRef = 886D7785297389B2005EB726 /* RedesSociais.swift */; };
		886D778829738F16005EB726 /* Objetivo.swift in Sources */ = {isa = PBXBuildFile; fileRef = 886D778729738F16005EB726 /* Objetivo.swift */; };
		88CE0CB72970D8CE00DF460D /* CardView.swift in Sources */ = {isa = PBXBuildFile; fileRef = 88CE0CB62970D8CE00DF460D /* CardView.swift */; };
		88E139A82974F7CC00AE723B /* MsPrivado1View.swift in Sources */ = {isa = PBXBuildFile; fileRef = 88E139A72974F7CC00AE723B /* MsPrivado1View.swift */; };
		88F67487297656EB001C4E8C /* MsPrivado2View.swift in Sources */ = {isa = PBXBuildFile; fileRef = 88F67486297656EB001C4E8C /* MsPrivado2View.swift */; };
		88F67489297656FE001C4E8C /* MsPrivado3View.swift in Sources */ = {isa = PBXBuildFile; fileRef = 88F67488297656FE001C4E8C /* MsPrivado3View.swift */; };
		88F6748B297733EC001C4E8C /* Accont2View.swift in Sources */ = {isa = PBXBuildFile; fileRef = 88F6748A297733EC001C4E8C /* Accont2View.swift */; };
		88F6748D29773408001C4E8C /* Accont3View.swift in Sources */ = {isa = PBXBuildFile; fileRef = 88F6748C29773408001C4E8C /* Accont3View.swift */; };
/* End PBXBuildFile section */

/* Begin PBXFileReference section */
		88451CC8296E1DDF00EA98A8 /* Navigation.app */ = {isa = PBXFileReference; explicitFileType = wrapper.application; includeInIndex = 0; path = Navigation.app; sourceTree = BUILT_PRODUCTS_DIR; };
		88451CCB296E1DDF00EA98A8 /* NavigationApp.swift */ = {isa = PBXFileReference; lastKnownFileType = sourcecode.swift; path = NavigationApp.swift; sourceTree = "<group>"; };
		88451CCF296E1DE300EA98A8 /* Assets.xcassets */ = {isa = PBXFileReference; lastKnownFileType = folder.assetcatalog; path = Assets.xcassets; sourceTree = "<group>"; };
		88451CD2296E1DE300EA98A8 /* Preview Assets.xcassets */ = {isa = PBXFileReference; lastKnownFileType = folder.assetcatalog; path = "Preview Assets.xcassets"; sourceTree = "<group>"; };
		88451CDD296E2F6D00EA98A8 /* NavigationBar.swift */ = {isa = PBXFileReference; lastKnownFileType = sourcecode.swift; path = NavigationBar.swift; sourceTree = "<group>"; };
		88451CDF296E5D3000EA98A8 /* GeneralView.swift */ = {isa = PBXFileReference; lastKnownFileType = sourcecode.swift; path = GeneralView.swift; sourceTree = "<group>"; };
		88451CE3296E5FC000EA98A8 /* AccontView.swift */ = {isa = PBXFileReference; lastKnownFileType = sourcecode.swift; path = AccontView.swift; sourceTree = "<group>"; };
		88451CE8296E7FB200EA98A8 /* Perfil.swift */ = {isa = PBXFileReference; lastKnownFileType = sourcecode.swift; path = Perfil.swift; sourceTree = "<group>"; };
		88451CEA296F8BB900EA98A8 /* HomeView.swift */ = {isa = PBXFileReference; lastKnownFileType = sourcecode.swift; path = HomeView.swift; sourceTree = "<group>"; };
		88451CEC296F8EC800EA98A8 /* Mensageview.swift */ = {isa = PBXFileReference; lastKnownFileType = sourcecode.swift; path = Mensageview.swift; sourceTree = "<group>"; };
		88451CF2296FA07800EA98A8 /* CourseView.swift */ = {isa = PBXFileReference; lastKnownFileType = sourcecode.swift; path = CourseView.swift; sourceTree = "<group>"; };
		886D776F2971B56B005EB726 /* DetailsView.swift */ = {isa = PBXFileReference; lastKnownFileType = sourcecode.swift; path = DetailsView.swift; sourceTree = "<group>"; };
		886D77712971BD08005EB726 /* Card2View.swift */ = {isa = PBXFileReference; lastKnownFileType = sourcecode.swift; path = Card2View.swift; sourceTree = "<group>"; };
		886D77732971C038005EB726 /* Details2View.swift */ = {isa = PBXFileReference; lastKnownFileType = sourcecode.swift; path = Details2View.swift; sourceTree = "<group>"; };
		886D777529720EC5005EB726 /* Card3View.swift */ = {isa = PBXFileReference; lastKnownFileType = sourcecode.swift; path = Card3View.swift; sourceTree = "<group>"; };
		886D777729720EE9005EB726 /* Details3View.swift */ = {isa = PBXFileReference; lastKnownFileType = sourcecode.swift; path = Details3View.swift; sourceTree = "<group>"; };
		886D77792972328E005EB726 /* Foto1.swift */ = {isa = PBXFileReference; lastKnownFileType = sourcecode.swift; path = Foto1.swift; sourceTree = "<group>"; };
		886D777B297232AB005EB726 /* Foto 2.swift */ = {isa = PBXFileReference; lastKnownFileType = sourcecode.swift; path = "Foto 2.swift"; sourceTree = "<group>"; };
		886D777D297232B5005EB726 /* Foto3.swift */ = {isa = PBXFileReference; lastKnownFileType = sourcecode.swift; path = Foto3.swift; sourceTree = "<group>"; };
		886D777F297235A2005EB726 /* Foto4.swift */ = {isa = PBXFileReference; lastKnownFileType = sourcecode.swift; path = Foto4.swift; sourceTree = "<group>"; };
		886D778129730C1F005EB726 /* OpenMensages.swift */ = {isa = PBXFileReference; lastKnownFileType = sourcecode.swift; path = OpenMensages.swift; sourceTree = "<group>"; };
		886D77832973121F005EB726 /* Mensages.swift */ = {isa = PBXFileReference; lastKnownFileType = sourcecode.swift; path = Mensages.swift; sourceTree = "<group>"; };
		886D7785297389B2005EB726 /* RedesSociais.swift */ = {isa = PBXFileReference; lastKnownFileType = sourcecode.swift; path = RedesSociais.swift; sourceTree = "<group>"; };
		886D778729738F16005EB726 /* Objetivo.swift */ = {isa = PBXFileReference; lastKnownFileType = sourcecode.swift; path = Objetivo.swift; sourceTree = "<group>"; };
		88CE0CB62970D8CE00DF460D /* CardView.swift */ = {isa = PBXFileReference; lastKnownFileType = sourcecode.swift; path = CardView.swift; sourceTree = "<group>"; };
		88E139A72974F7CC00AE723B /* MsPrivado1View.swift */ = {isa = PBXFileReference; lastKnownFileType = sourcecode.swift; path = MsPrivado1View.swift; sourceTree = "<group>"; };
		88F67486297656EB001C4E8C /* MsPrivado2View.swift */ = {isa = PBXFileReference; lastKnownFileType = sourcecode.swift; path = MsPrivado2View.swift; sourceTree = "<group>"; };
		88F67488297656FE001C4E8C /* MsPrivado3View.swift */ = {isa = PBXFileReference; lastKnownFileType = sourcecode.swift; path = MsPrivado3View.swift; sourceTree = "<group>"; };
		88F6748A297733EC001C4E8C /* Accont2View.swift */ = {isa = PBXFileReference; lastKnownFileType = sourcecode.swift; path = Accont2View.swift; sourceTree = "<group>"; };
		88F6748C29773408001C4E8C /* Accont3View.swift */ = {isa = PBXFileReference; lastKnownFileType = sourcecode.swift; path = Accont3View.swift; sourceTree = "<group>"; };
/* End PBXFileReference section */

/* Begin PBXFrameworksBuildPhase section */
		88451CC5296E1DDF00EA98A8 /* Frameworks */ = {
			isa = PBXFrameworksBuildPhase;
			buildActionMask = 2147483647;
			files = (
			);
			runOnlyForDeploymentPostprocessing = 0;
		};
/* End PBXFrameworksBuildPhase section */

/* Begin PBXGroup section */
		88451CBF296E1DDF00EA98A8 = {
			isa = PBXGroup;
			children = (
				88451CE7296E7F6500EA98A8 /* Components */,
				88451CDC296E2F1500EA98A8 /* Navegação */,
				88451CD9296E1DF100EA98A8 /* View */,
				88451CCA296E1DDF00EA98A8 /* Navigation */,
				88451CC9296E1DDF00EA98A8 /* Products */,
			);
			sourceTree = "<group>";
		};
		88451CC9296E1DDF00EA98A8 /* Products */ = {
			isa = PBXGroup;
			children = (
				88451CC8296E1DDF00EA98A8 /* Navigation.app */,
			);
			name = Products;
			sourceTree = "<group>";
		};
		88451CCA296E1DDF00EA98A8 /* Navigation */ = {
			isa = PBXGroup;
			children = (
				88451CCB296E1DDF00EA98A8 /* NavigationApp.swift */,
				88451CCF296E1DE300EA98A8 /* Assets.xcassets */,
				88451CD1296E1DE300EA98A8 /* Preview Content */,
			);
			path = Navigation;
			sourceTree = "<group>";
		};
		88451CD1296E1DE300EA98A8 /* Preview Content */ = {
			isa = PBXGroup;
			children = (
				88451CD2296E1DE300EA98A8 /* Preview Assets.xcassets */,
			);
			path = "Preview Content";
			sourceTree = "<group>";
		};
		88451CD9296E1DF100EA98A8 /* View */ = {
			isa = PBXGroup;
			children = (
				88451CDF296E5D3000EA98A8 /* GeneralView.swift */,
				88451CE3296E5FC000EA98A8 /* AccontView.swift */,
				88451CEA296F8BB900EA98A8 /* HomeView.swift */,
				88451CEC296F8EC800EA98A8 /* Mensageview.swift */,
				88451CF2296FA07800EA98A8 /* CourseView.swift */,
				88CE0CB62970D8CE00DF460D /* CardView.swift */,
				886D776F2971B56B005EB726 /* DetailsView.swift */,
				886D77712971BD08005EB726 /* Card2View.swift */,
				886D77732971C038005EB726 /* Details2View.swift */,
				886D777529720EC5005EB726 /* Card3View.swift */,
				886D777729720EE9005EB726 /* Details3View.swift */,
				88E139A72974F7CC00AE723B /* MsPrivado1View.swift */,
				88F67486297656EB001C4E8C /* MsPrivado2View.swift */,
				88F67488297656FE001C4E8C /* MsPrivado3View.swift */,
				88F6748A297733EC001C4E8C /* Accont2View.swift */,
				88F6748C29773408001C4E8C /* Accont3View.swift */,
			);
			path = View;
			sourceTree = "<group>";
		};
		88451CDC296E2F1500EA98A8 /* Navegação */ = {
			isa = PBXGroup;
			children = (
				88451CDD296E2F6D00EA98A8 /* NavigationBar.swift */,
			);
			name = "Navegação";
			path = "Navegação";
			sourceTree = "<group>";
		};
		88451CE7296E7F6500EA98A8 /* Components */ = {
			isa = PBXGroup;
			children = (
				88451CE8296E7FB200EA98A8 /* Perfil.swift */,
				886D77792972328E005EB726 /* Foto1.swift */,
				886D777B297232AB005EB726 /* Foto 2.swift */,
				886D777D297232B5005EB726 /* Foto3.swift */,
				886D777F297235A2005EB726 /* Foto4.swift */,
				886D778129730C1F005EB726 /* OpenMensages.swift */,
				886D77832973121F005EB726 /* Mensages.swift */,
				886D7785297389B2005EB726 /* RedesSociais.swift */,
				886D778729738F16005EB726 /* Objetivo.swift */,
			);
			path = Components;
			sourceTree = "<group>";
		};
/* End PBXGroup section */

/* Begin PBXNativeTarget section */
		88451CC7296E1DDF00EA98A8 /* Navigation */ = {
			isa = PBXNativeTarget;
			buildConfigurationList = 88451CD6296E1DE300EA98A8 /* Build configuration list for PBXNativeTarget "Navigation" */;
			buildPhases = (
				88451CC4296E1DDF00EA98A8 /* Sources */,
				88451CC5296E1DDF00EA98A8 /* Frameworks */,
				88451CC6296E1DDF00EA98A8 /* Resources */,
			);
			buildRules = (
			);
			dependencies = (
			);
			name = Navigation;
			productName = Navigation;
			productReference = 88451CC8296E1DDF00EA98A8 /* Navigation.app */;
			productType = "com.apple.product-type.application";
		};
/* End PBXNativeTarget section */

/* Begin PBXProject section */
		88451CC0296E1DDF00EA98A8 /* Project object */ = {
			isa = PBXProject;
			attributes = {
				BuildIndependentTargetsInParallel = 1;
				LastSwiftUpdateCheck = 1420;
				LastUpgradeCheck = 1420;
				TargetAttributes = {
					88451CC7296E1DDF00EA98A8 = {
						CreatedOnToolsVersion = 14.2;
					};
				};
			};
			buildConfigurationList = 88451CC3296E1DDF00EA98A8 /* Build configuration list for PBXProject "Navigation" */;
			compatibilityVersion = "Xcode 14.0";
			developmentRegion = en;
			hasScannedForEncodings = 0;
			knownRegions = (
				en,
				Base,
			);
			mainGroup = 88451CBF296E1DDF00EA98A8;
			productRefGroup = 88451CC9296E1DDF00EA98A8 /* Products */;
			projectDirPath = "";
			projectRoot = "";
			targets = (
				88451CC7296E1DDF00EA98A8 /* Navigation */,
			);
		};
/* End PBXProject section */

/* Begin PBXResourcesBuildPhase section */
		88451CC6296E1DDF00EA98A8 /* Resources */ = {
			isa = PBXResourcesBuildPhase;
			buildActionMask = 2147483647;
			files = (
				88451CD3296E1DE300EA98A8 /* Preview Assets.xcassets in Resources */,
				88451CD0296E1DE300EA98A8 /* Assets.xcassets in Resources */,
			);
			runOnlyForDeploymentPostprocessing = 0;
		};
/* End PBXResourcesBuildPhase section */

/* Begin PBXSourcesBuildPhase section */
		88451CC4296E1DDF00EA98A8 /* Sources */ = {
			isa = PBXSourcesBuildPhase;
			buildActionMask = 2147483647;
			files = (
				886D77842973121F005EB726 /* Mensages.swift in Sources */,
				88451CE9296E7FB200EA98A8 /* Perfil.swift in Sources */,
				886D777C297232AB005EB726 /* Foto 2.swift in Sources */,
				88451CEB296F8BB900EA98A8 /* HomeView.swift in Sources */,
				886D7786297389B2005EB726 /* RedesSociais.swift in Sources */,
				88F6748B297733EC001C4E8C /* Accont2View.swift in Sources */,
				88E139A82974F7CC00AE723B /* MsPrivado1View.swift in Sources */,
				886D77742971C038005EB726 /* Details2View.swift in Sources */,
				88451CCC296E1DDF00EA98A8 /* NavigationApp.swift in Sources */,
				88CE0CB72970D8CE00DF460D /* CardView.swift in Sources */,
				88F67487297656EB001C4E8C /* MsPrivado2View.swift in Sources */,
				886D777629720EC5005EB726 /* Card3View.swift in Sources */,
				886D77722971BD08005EB726 /* Card2View.swift in Sources */,
				88451CE0296E5D3000EA98A8 /* GeneralView.swift in Sources */,
				886D778229730C1F005EB726 /* OpenMensages.swift in Sources */,
				886D777829720EE9005EB726 /* Details3View.swift in Sources */,
				886D777E297232B5005EB726 /* Foto3.swift in Sources */,
				886D77702971B56C005EB726 /* DetailsView.swift in Sources */,
				88451CDE296E2F6D00EA98A8 /* NavigationBar.swift in Sources */,
				886D7780297235A2005EB726 /* Foto4.swift in Sources */,
				88F67489297656FE001C4E8C /* MsPrivado3View.swift in Sources */,
				886D778829738F16005EB726 /* Objetivo.swift in Sources */,
				88451CF3296FA07800EA98A8 /* CourseView.swift in Sources */,
				88F6748D29773408001C4E8C /* Accont3View.swift in Sources */,
				88451CE4296E5FC000EA98A8 /* AccontView.swift in Sources */,
				88451CED296F8EC800EA98A8 /* Mensageview.swift in Sources */,
				886D777A2972328E005EB726 /* Foto1.swift in Sources */,
			);
			runOnlyForDeploymentPostprocessing = 0;
		};
/* End PBXSourcesBuildPhase section */

/* Begin XCBuildConfiguration section */
		88451CD4296E1DE300EA98A8 /* Debug */ = {
			isa = XCBuildConfiguration;
			buildSettings = {
				ALWAYS_SEARCH_USER_PATHS = NO;
				CLANG_ANALYZER_NONNULL = YES;
				CLANG_ANALYZER_NUMBER_OBJECT_CONVERSION = YES_AGGRESSIVE;
				CLANG_CXX_LANGUAGE_STANDARD = "gnu++20";
				CLANG_ENABLE_MODULES = YES;
				CLANG_ENABLE_OBJC_ARC = YES;
				CLANG_ENABLE_OBJC_WEAK = YES;
				CLANG_WARN_BLOCK_CAPTURE_AUTORELEASING = YES;
				CLANG_WARN_BOOL_CONVERSION = YES;
				CLANG_WARN_COMMA = YES;
				CLANG_WARN_CONSTANT_CONVERSION = YES;
				CLANG_WARN_DEPRECATED_OBJC_IMPLEMENTATIONS = YES;
				CLANG_WARN_DIRECT_OBJC_ISA_USAGE = YES_ERROR;
				CLANG_WARN_DOCUMENTATION_COMMENTS = YES;
				CLANG_WARN_EMPTY_BODY = YES;
				CLANG_WARN_ENUM_CONVERSION = YES;
				CLANG_WARN_INFINITE_RECURSION = YES;
				CLANG_WARN_INT_CONVERSION = YES;
				CLANG_WARN_NON_LITERAL_NULL_CONVERSION = YES;
				CLANG_WARN_OBJC_IMPLICIT_RETAIN_SELF = YES;
				CLANG_WARN_OBJC_LITERAL_CONVERSION = YES;
				CLANG_WARN_OBJC_ROOT_CLASS = YES_ERROR;
				CLANG_WARN_QUOTED_INCLUDE_IN_FRAMEWORK_HEADER = YES;
				CLANG_WARN_RANGE_LOOP_ANALYSIS = YES;
				CLANG_WARN_STRICT_PROTOTYPES = YES;
				CLANG_WARN_SUSPICIOUS_MOVE = YES;
				CLANG_WARN_UNGUARDED_AVAILABILITY = YES_AGGRESSIVE;
				CLANG_WARN_UNREACHABLE_CODE = YES;
				CLANG_WARN__DUPLICATE_METHOD_MATCH = YES;
				COPY_PHASE_STRIP = NO;
				DEBUG_INFORMATION_FORMAT = dwarf;
				ENABLE_STRICT_OBJC_MSGSEND = YES;
				ENABLE_TESTABILITY = YES;
				GCC_C_LANGUAGE_STANDARD = gnu11;
				GCC_DYNAMIC_NO_PIC = NO;
				GCC_NO_COMMON_BLOCKS = YES;
				GCC_OPTIMIZATION_LEVEL = 0;
				GCC_PREPROCESSOR_DEFINITIONS = (
					"DEBUG=1",
					"$(inherited)",
				);
				GCC_WARN_64_TO_32_BIT_CONVERSION = YES;
				GCC_WARN_ABOUT_RETURN_TYPE = YES_ERROR;
				GCC_WARN_UNDECLARED_SELECTOR = YES;
				GCC_WARN_UNINITIALIZED_AUTOS = YES_AGGRESSIVE;
				GCC_WARN_UNUSED_FUNCTION = YES;
				GCC_WARN_UNUSED_VARIABLE = YES;
				IPHONEOS_DEPLOYMENT_TARGET = 16.2;
				MTL_ENABLE_DEBUG_INFO = INCLUDE_SOURCE;
				MTL_FAST_MATH = YES;
				ONLY_ACTIVE_ARCH = YES;
				SDKROOT = iphoneos;
				SWIFT_ACTIVE_COMPILATION_CONDITIONS = DEBUG;
				SWIFT_OPTIMIZATION_LEVEL = "-Onone";
			};
			name = Debug;
		};
		88451CD5296E1DE300EA98A8 /* Release */ = {
			isa = XCBuildConfiguration;
			buildSettings = {
				ALWAYS_SEARCH_USER_PATHS = NO;
				CLANG_ANALYZER_NONNULL = YES;
				CLANG_ANALYZER_NUMBER_OBJECT_CONVERSION = YES_AGGRESSIVE;
				CLANG_CXX_LANGUAGE_STANDARD = "gnu++20";
				CLANG_ENABLE_MODULES = YES;
				CLANG_ENABLE_OBJC_ARC = YES;
				CLANG_ENABLE_OBJC_WEAK = YES;
				CLANG_WARN_BLOCK_CAPTURE_AUTORELEASING = YES;
				CLANG_WARN_BOOL_CONVERSION = YES;
				CLANG_WARN_COMMA = YES;
				CLANG_WARN_CONSTANT_CONVERSION = YES;
				CLANG_WARN_DEPRECATED_OBJC_IMPLEMENTATIONS = YES;
				CLANG_WARN_DIRECT_OBJC_ISA_USAGE = YES_ERROR;
				CLANG_WARN_DOCUMENTATION_COMMENTS = YES;
				CLANG_WARN_EMPTY_BODY = YES;
				CLANG_WARN_ENUM_CONVERSION = YES;
				CLANG_WARN_INFINITE_RECURSION = YES;
				CLANG_WARN_INT_CONVERSION = YES;
				CLANG_WARN_NON_LITERAL_NULL_CONVERSION = YES;
				CLANG_WARN_OBJC_IMPLICIT_RETAIN_SELF = YES;
				CLANG_WARN_OBJC_LITERAL_CONVERSION = YES;
				CLANG_WARN_OBJC_ROOT_CLASS = YES_ERROR;
				CLANG_WARN_QUOTED_INCLUDE_IN_FRAMEWORK_HEADER = YES;
				CLANG_WARN_RANGE_LOOP_ANALYSIS = YES;
				CLANG_WARN_STRICT_PROTOTYPES = YES;
				CLANG_WARN_SUSPICIOUS_MOVE = YES;
				CLANG_WARN_UNGUARDED_AVAILABILITY = YES_AGGRESSIVE;
				CLANG_WARN_UNREACHABLE_CODE = YES;
				CLANG_WARN__DUPLICATE_METHOD_MATCH = YES;
				COPY_PHASE_STRIP = NO;
				DEBUG_INFORMATION_FORMAT = "dwarf-with-dsym";
				ENABLE_NS_ASSERTIONS = NO;
				ENABLE_STRICT_OBJC_MSGSEND = YES;
				GCC_C_LANGUAGE_STANDARD = gnu11;
				GCC_NO_COMMON_BLOCKS = YES;
				GCC_WARN_64_TO_32_BIT_CONVERSION = YES;
				GCC_WARN_ABOUT_RETURN_TYPE = YES_ERROR;
				GCC_WARN_UNDECLARED_SELECTOR = YES;
				GCC_WARN_UNINITIALIZED_AUTOS = YES_AGGRESSIVE;
				GCC_WARN_UNUSED_FUNCTION = YES;
				GCC_WARN_UNUSED_VARIABLE = YES;
				IPHONEOS_DEPLOYMENT_TARGET = 16.2;
				MTL_ENABLE_DEBUG_INFO = NO;
				MTL_FAST_MATH = YES;
				SDKROOT = iphoneos;
				SWIFT_COMPILATION_MODE = wholemodule;
				SWIFT_OPTIMIZATION_LEVEL = "-O";
				VALIDATE_PRODUCT = YES;
			};
			name = Release;
		};
		88451CD7296E1DE300EA98A8 /* Debug */ = {
			isa = XCBuildConfiguration;
			buildSettings = {
				ASSETCATALOG_COMPILER_APPICON_NAME = AppIcon;
				ASSETCATALOG_COMPILER_GLOBAL_ACCENT_COLOR_NAME = AccentColor;
				CODE_SIGN_STYLE = Automatic;
				CURRENT_PROJECT_VERSION = 1;
				DEVELOPMENT_ASSET_PATHS = "\"Navigation/Preview Content\"";
				DEVELOPMENT_TEAM = STRH3LBGWA;
				ENABLE_PREVIEWS = YES;
				GENERATE_INFOPLIST_FILE = YES;
				INFOPLIST_KEY_UIApplicationSceneManifest_Generation = YES;
				INFOPLIST_KEY_UIApplicationSupportsIndirectInputEvents = YES;
				INFOPLIST_KEY_UILaunchScreen_Generation = YES;
				INFOPLIST_KEY_UISupportedInterfaceOrientations_iPad = "UIInterfaceOrientationPortrait UIInterfaceOrientationPortraitUpsideDown UIInterfaceOrientationLandscapeLeft UIInterfaceOrientationLandscapeRight";
				INFOPLIST_KEY_UISupportedInterfaceOrientations_iPhone = "UIInterfaceOrientationPortrait UIInterfaceOrientationLandscapeLeft UIInterfaceOrientationLandscapeRight";
				LD_RUNPATH_SEARCH_PATHS = (
					"$(inherited)",
					"@executable_path/Frameworks",
				);
				MARKETING_VERSION = 1.0;
				PRODUCT_BUNDLE_IDENTIFIER = TesteXcode.Navigation;
				PRODUCT_NAME = "$(TARGET_NAME)";
				SWIFT_EMIT_LOC_STRINGS = YES;
				SWIFT_VERSION = 5.0;
				TARGETED_DEVICE_FAMILY = "1,2";
			};
			name = Debug;
		};
		88451CD8296E1DE300EA98A8 /* Release */ = {
			isa = XCBuildConfiguration;
			buildSettings = {
				ASSETCATALOG_COMPILER_APPICON_NAME = AppIcon;
				ASSETCATALOG_COMPILER_GLOBAL_ACCENT_COLOR_NAME = AccentColor;
				CODE_SIGN_STYLE = Automatic;
				CURRENT_PROJECT_VERSION = 1;
				DEVELOPMENT_ASSET_PATHS = "\"Navigation/Preview Content\"";
				DEVELOPMENT_TEAM = STRH3LBGWA;
				ENABLE_PREVIEWS = YES;
				GENERATE_INFOPLIST_FILE = YES;
				INFOPLIST_KEY_UIApplicationSceneManifest_Generation = YES;
				INFOPLIST_KEY_UIApplicationSupportsIndirectInputEvents = YES;
				INFOPLIST_KEY_UILaunchScreen_Generation = YES;
				INFOPLIST_KEY_UISupportedInterfaceOrientations_iPad = "UIInterfaceOrientationPortrait UIInterfaceOrientationPortraitUpsideDown UIInterfaceOrientationLandscapeLeft UIInterfaceOrientationLandscapeRight";
				INFOPLIST_KEY_UISupportedInterfaceOrientations_iPhone = "UIInterfaceOrientationPortrait UIInterfaceOrientationLandscapeLeft UIInterfaceOrientationLandscapeRight";
				LD_RUNPATH_SEARCH_PATHS = (
					"$(inherited)",
					"@executable_path/Frameworks",
				);
				MARKETING_VERSION = 1.0;
				PRODUCT_BUNDLE_IDENTIFIER = TesteXcode.Navigation;
				PRODUCT_NAME = "$(TARGET_NAME)";
				SWIFT_EMIT_LOC_STRINGS = YES;
				SWIFT_VERSION = 5.0;
				TARGETED_DEVICE_FAMILY = "1,2";
			};
			name = Release;
		};
/* End XCBuildConfiguration section */

/* Begin XCConfigurationList section */
		88451CC3296E1DDF00EA98A8 /* Build configuration list for PBXProject "Navigation" */ = {
			isa = XCConfigurationList;
			buildConfigurations = (
				88451CD4296E1DE300EA98A8 /* Debug */,
				88451CD5296E1DE300EA98A8 /* Release */,
			);
			defaultConfigurationIsVisible = 0;
			defaultConfigurationName = Release;
		};
		88451CD6296E1DE300EA98A8 /* Build configuration list for PBXNativeTarget "Navigation" */ = {
			isa = XCConfigurationList;
			buildConfigurations = (
				88451CD7296E1DE300EA98A8 /* Debug */,
				88451CD8296E1DE300EA98A8 /* Release */,
			);
			defaultConfigurationIsVisible = 0;
			defaultConfigurationName = Release;
		};
/* End XCConfigurationList section */
	};
	rootObject = 88451CC0296E1DDF00EA98A8 /* Project object */;
}
